// !$*UTF8*$!
{
	archiveVersion = 1;
	classes = {
	};
	objectVersion = 56;
	objects = {

/* Begin PBXBuildFile section */
		9548088F2B230B410073A275 /* ProyectoFinalApp.swift in Sources */ = {isa = PBXBuildFile; fileRef = 9548088E2B230B410073A275 /* ProyectoFinalApp.swift */; };
		954808932B230B420073A275 /* Assets.xcassets in Resources */ = {isa = PBXBuildFile; fileRef = 954808922B230B420073A275 /* Assets.xcassets */; };
		954808972B230B420073A275 /* Preview Assets.xcassets in Resources */ = {isa = PBXBuildFile; fileRef = 954808962B230B420073A275 /* Preview Assets.xcassets */; };
		954808A12B230B420073A275 /* ProyectoFinalTests.swift in Sources */ = {isa = PBXBuildFile; fileRef = 954808A02B230B420073A275 /* ProyectoFinalTests.swift */; };
		954808AB2B230B420073A275 /* ProyectoFinalUITests.swift in Sources */ = {isa = PBXBuildFile; fileRef = 954808AA2B230B420073A275 /* ProyectoFinalUITests.swift */; };
		954808AD2B230B420073A275 /* ProyectoFinalUITestsLaunchTests.swift in Sources */ = {isa = PBXBuildFile; fileRef = 954808AC2B230B420073A275 /* ProyectoFinalUITestsLaunchTests.swift */; };
		955160D62B2786F1008D2DFF /* AsistenciaView.swift in Sources */ = {isa = PBXBuildFile; fileRef = 955160D52B2786F1008D2DFF /* AsistenciaView.swift */; };
		955BB5B82B267699006B7A66 /* MenuItem.swift in Sources */ = {isa = PBXBuildFile; fileRef = 955BB5B72B267699006B7A66 /* MenuItem.swift */; };
		955BB5C12B268C57006B7A66 /* GRDB in Frameworks */ = {isa = PBXBuildFile; productRef = 955BB5C02B268C57006B7A66 /* GRDB */; };
		955BB5C32B268D6B006B7A66 /* Persistence.swift in Sources */ = {isa = PBXBuildFile; fileRef = 955BB5C22B268D6B006B7A66 /* Persistence.swift */; };
		955BB5C52B268E33006B7A66 /* Profesor.swift in Sources */ = {isa = PBXBuildFile; fileRef = 955BB5C42B268E33006B7A66 /* Profesor.swift */; };
		955BB5C72B268F46006B7A66 /* Alumno.swift in Sources */ = {isa = PBXBuildFile; fileRef = 955BB5C62B268F46006B7A66 /* Alumno.swift */; };
		955BB5CD2B269B27006B7A66 /* HomeView.swift in Sources */ = {isa = PBXBuildFile; fileRef = 955BB5CC2B269B27006B7A66 /* HomeView.swift */; };
		955BB5CF2B269D17006B7A66 /* EntityList.swift in Sources */ = {isa = PBXBuildFile; fileRef = 955BB5CE2B269D17006B7A66 /* EntityList.swift */; };
		955BB5D12B26A6CF006B7A66 /* ViewModel.swift in Sources */ = {isa = PBXBuildFile; fileRef = 955BB5D02B26A6CF006B7A66 /* ViewModel.swift */; };
		955BB5D32B26AB21006B7A66 /* PersonView.swift in Sources */ = {isa = PBXBuildFile; fileRef = 955BB5D22B26AB21006B7A66 /* PersonView.swift */; };
		955BB5D72B26FCF6006B7A66 /* Grupo.swift in Sources */ = {isa = PBXBuildFile; fileRef = 955BB5D62B26FCF6006B7A66 /* Grupo.swift */; };
		955BB5DB2B2701F5006B7A66 /* GrupoView.swift in Sources */ = {isa = PBXBuildFile; fileRef = 955BB5DA2B2701F5006B7A66 /* GrupoView.swift */; };
		95AF20222B28289E00BFA2AB /* Tarjeta.swift in Sources */ = {isa = PBXBuildFile; fileRef = 95AF20212B28289E00BFA2AB /* Tarjeta.swift */; };
/* End PBXBuildFile section */

/* Begin PBXContainerItemProxy section */
		9548089D2B230B420073A275 /* PBXContainerItemProxy */ = {
			isa = PBXContainerItemProxy;
			containerPortal = 954808832B230B410073A275 /* Project object */;
			proxyType = 1;
			remoteGlobalIDString = 9548088A2B230B410073A275;
			remoteInfo = ProyectoFinal;
		};
		954808A72B230B420073A275 /* PBXContainerItemProxy */ = {
			isa = PBXContainerItemProxy;
			containerPortal = 954808832B230B410073A275 /* Project object */;
			proxyType = 1;
			remoteGlobalIDString = 9548088A2B230B410073A275;
			remoteInfo = ProyectoFinal;
		};
/* End PBXContainerItemProxy section */

/* Begin PBXFileReference section */
		9548088B2B230B410073A275 /* ProyectoFinal.app */ = {isa = PBXFileReference; explicitFileType = wrapper.application; includeInIndex = 0; path = ProyectoFinal.app; sourceTree = BUILT_PRODUCTS_DIR; };
		9548088E2B230B410073A275 /* ProyectoFinalApp.swift */ = {isa = PBXFileReference; lastKnownFileType = sourcecode.swift; path = ProyectoFinalApp.swift; sourceTree = "<group>"; };
		954808922B230B420073A275 /* Assets.xcassets */ = {isa = PBXFileReference; lastKnownFileType = folder.assetcatalog; path = Assets.xcassets; sourceTree = "<group>"; };
		954808942B230B420073A275 /* ProyectoFinal.entitlements */ = {isa = PBXFileReference; lastKnownFileType = text.plist.entitlements; path = ProyectoFinal.entitlements; sourceTree = "<group>"; };
		954808962B230B420073A275 /* Preview Assets.xcassets */ = {isa = PBXFileReference; lastKnownFileType = folder.assetcatalog; path = "Preview Assets.xcassets"; sourceTree = "<group>"; };
		9548089C2B230B420073A275 /* ProyectoFinalTests.xctest */ = {isa = PBXFileReference; explicitFileType = wrapper.cfbundle; includeInIndex = 0; path = ProyectoFinalTests.xctest; sourceTree = BUILT_PRODUCTS_DIR; };
		954808A02B230B420073A275 /* ProyectoFinalTests.swift */ = {isa = PBXFileReference; lastKnownFileType = sourcecode.swift; path = ProyectoFinalTests.swift; sourceTree = "<group>"; };
		954808A62B230B420073A275 /* ProyectoFinalUITests.xctest */ = {isa = PBXFileReference; explicitFileType = wrapper.cfbundle; includeInIndex = 0; path = ProyectoFinalUITests.xctest; sourceTree = BUILT_PRODUCTS_DIR; };
		954808AA2B230B420073A275 /* ProyectoFinalUITests.swift */ = {isa = PBXFileReference; lastKnownFileType = sourcecode.swift; path = ProyectoFinalUITests.swift; sourceTree = "<group>"; };
		954808AC2B230B420073A275 /* ProyectoFinalUITestsLaunchTests.swift */ = {isa = PBXFileReference; lastKnownFileType = sourcecode.swift; path = ProyectoFinalUITestsLaunchTests.swift; sourceTree = "<group>"; };
		955160D52B2786F1008D2DFF /* AsistenciaView.swift */ = {isa = PBXFileReference; lastKnownFileType = sourcecode.swift; path = AsistenciaView.swift; sourceTree = "<group>"; };
		955BB5B72B267699006B7A66 /* MenuItem.swift */ = {isa = PBXFileReference; lastKnownFileType = sourcecode.swift; path = MenuItem.swift; sourceTree = "<group>"; };
		955BB5C22B268D6B006B7A66 /* Persistence.swift */ = {isa = PBXFileReference; lastKnownFileType = sourcecode.swift; path = Persistence.swift; sourceTree = "<group>"; };
		955BB5C42B268E33006B7A66 /* Profesor.swift */ = {isa = PBXFileReference; lastKnownFileType = sourcecode.swift; path = Profesor.swift; sourceTree = "<group>"; };
		955BB5C62B268F46006B7A66 /* Alumno.swift */ = {isa = PBXFileReference; lastKnownFileType = sourcecode.swift; path = Alumno.swift; sourceTree = "<group>"; };
		955BB5CC2B269B27006B7A66 /* HomeView.swift */ = {isa = PBXFileReference; lastKnownFileType = sourcecode.swift; path = HomeView.swift; sourceTree = "<group>"; };
		955BB5CE2B269D17006B7A66 /* EntityList.swift */ = {isa = PBXFileReference; lastKnownFileType = sourcecode.swift; path = EntityList.swift; sourceTree = "<group>"; };
		955BB5D02B26A6CF006B7A66 /* ViewModel.swift */ = {isa = PBXFileReference; lastKnownFileType = sourcecode.swift; path = ViewModel.swift; sourceTree = "<group>"; };
		955BB5D22B26AB21006B7A66 /* PersonView.swift */ = {isa = PBXFileReference; lastKnownFileType = sourcecode.swift; path = PersonView.swift; sourceTree = "<group>"; };
		955BB5D62B26FCF6006B7A66 /* Grupo.swift */ = {isa = PBXFileReference; lastKnownFileType = sourcecode.swift; path = Grupo.swift; sourceTree = "<group>"; };
		955BB5DA2B2701F5006B7A66 /* GrupoView.swift */ = {isa = PBXFileReference; lastKnownFileType = sourcecode.swift; path = GrupoView.swift; sourceTree = "<group>"; };
		95AF20212B28289E00BFA2AB /* Tarjeta.swift */ = {isa = PBXFileReference; lastKnownFileType = sourcecode.swift; path = Tarjeta.swift; sourceTree = "<group>"; };
/* End PBXFileReference section */

/* Begin PBXFrameworksBuildPhase section */
		954808882B230B410073A275 /* Frameworks */ = {
			isa = PBXFrameworksBuildPhase;
			buildActionMask = 2147483647;
			files = (
				955BB5C12B268C57006B7A66 /* GRDB in Frameworks */,
			);
			runOnlyForDeploymentPostprocessing = 0;
		};
		954808992B230B420073A275 /* Frameworks */ = {
			isa = PBXFrameworksBuildPhase;
			buildActionMask = 2147483647;
			files = (
			);
			runOnlyForDeploymentPostprocessing = 0;
		};
		954808A32B230B420073A275 /* Frameworks */ = {
			isa = PBXFrameworksBuildPhase;
			buildActionMask = 2147483647;
			files = (
			);
			runOnlyForDeploymentPostprocessing = 0;
		};
/* End PBXFrameworksBuildPhase section */

/* Begin PBXGroup section */
		954808822B230B410073A275 = {
			isa = PBXGroup;
			children = (
				954808BB2B230C3D0073A275 /* Models */,
				954808BA2B230C300073A275 /* Views */,
				954808B92B230C1A0073A275 /* Controllers */,
				9548088D2B230B410073A275 /* ProyectoFinal */,
				9548089F2B230B420073A275 /* ProyectoFinalTests */,
				954808A92B230B420073A275 /* ProyectoFinalUITests */,
				9548088C2B230B410073A275 /* Products */,
			);
			sourceTree = "<group>";
		};
		9548088C2B230B410073A275 /* Products */ = {
			isa = PBXGroup;
			children = (
				9548088B2B230B410073A275 /* ProyectoFinal.app */,
				9548089C2B230B420073A275 /* ProyectoFinalTests.xctest */,
				954808A62B230B420073A275 /* ProyectoFinalUITests.xctest */,
			);
			name = Products;
			sourceTree = "<group>";
		};
		9548088D2B230B410073A275 /* ProyectoFinal */ = {
			isa = PBXGroup;
			children = (
				9548088E2B230B410073A275 /* ProyectoFinalApp.swift */,
				954808922B230B420073A275 /* Assets.xcassets */,
				954808942B230B420073A275 /* ProyectoFinal.entitlements */,
				954808952B230B420073A275 /* Preview Content */,
			);
			path = ProyectoFinal;
			sourceTree = "<group>";
		};
		954808952B230B420073A275 /* Preview Content */ = {
			isa = PBXGroup;
			children = (
				954808962B230B420073A275 /* Preview Assets.xcassets */,
			);
			path = "Preview Content";
			sourceTree = "<group>";
		};
		9548089F2B230B420073A275 /* ProyectoFinalTests */ = {
			isa = PBXGroup;
			children = (
				954808A02B230B420073A275 /* ProyectoFinalTests.swift */,
			);
			path = ProyectoFinalTests;
			sourceTree = "<group>";
		};
		954808A92B230B420073A275 /* ProyectoFinalUITests */ = {
			isa = PBXGroup;
			children = (
				954808AA2B230B420073A275 /* ProyectoFinalUITests.swift */,
				954808AC2B230B420073A275 /* ProyectoFinalUITestsLaunchTests.swift */,
			);
			path = ProyectoFinalUITests;
			sourceTree = "<group>";
		};
		954808B92B230C1A0073A275 /* Controllers */ = {
			isa = PBXGroup;
			children = (
				955BB5C22B268D6B006B7A66 /* Persistence.swift */,
				955BB5D02B26A6CF006B7A66 /* ViewModel.swift */,
			);
			path = Controllers;
			sourceTree = "<group>";
		};
		954808BA2B230C300073A275 /* Views */ = {
			isa = PBXGroup;
			children = (
				955BB5CC2B269B27006B7A66 /* HomeView.swift */,
				955BB5CE2B269D17006B7A66 /* EntityList.swift */,
				955BB5D22B26AB21006B7A66 /* PersonView.swift */,
				955BB5DA2B2701F5006B7A66 /* GrupoView.swift */,
				955160D52B2786F1008D2DFF /* AsistenciaView.swift */,
			);
			path = Views;
			sourceTree = "<group>";
		};
		954808BB2B230C3D0073A275 /* Models */ = {
			isa = PBXGroup;
			children = (
				955BB5B72B267699006B7A66 /* MenuItem.swift */,
				955BB5C42B268E33006B7A66 /* Profesor.swift */,
				955BB5C62B268F46006B7A66 /* Alumno.swift */,
				955BB5D62B26FCF6006B7A66 /* Grupo.swift */,
				95AF20212B28289E00BFA2AB /* Tarjeta.swift */,
			);
			path = Models;
			sourceTree = "<group>";
		};
/* End PBXGroup section */

/* Begin PBXNativeTarget section */
		9548088A2B230B410073A275 /* ProyectoFinal */ = {
			isa = PBXNativeTarget;
			buildConfigurationList = 954808B02B230B420073A275 /* Build configuration list for PBXNativeTarget "ProyectoFinal" */;
			buildPhases = (
				954808872B230B410073A275 /* Sources */,
				954808882B230B410073A275 /* Frameworks */,
				954808892B230B410073A275 /* Resources */,
			);
			buildRules = (
			);
			dependencies = (
			);
			name = ProyectoFinal;
			packageProductDependencies = (
				955BB5C02B268C57006B7A66 /* GRDB */,
			);
			productName = ProyectoFinal;
			productReference = 9548088B2B230B410073A275 /* ProyectoFinal.app */;
			productType = "com.apple.product-type.application";
		};
		9548089B2B230B420073A275 /* ProyectoFinalTests */ = {
			isa = PBXNativeTarget;
			buildConfigurationList = 954808B32B230B420073A275 /* Build configuration list for PBXNativeTarget "ProyectoFinalTests" */;
			buildPhases = (
				954808982B230B420073A275 /* Sources */,
				954808992B230B420073A275 /* Frameworks */,
				9548089A2B230B420073A275 /* Resources */,
			);
			buildRules = (
			);
			dependencies = (
				9548089E2B230B420073A275 /* PBXTargetDependency */,
			);
			name = ProyectoFinalTests;
			productName = ProyectoFinalTests;
			productReference = 9548089C2B230B420073A275 /* ProyectoFinalTests.xctest */;
			productType = "com.apple.product-type.bundle.unit-test";
		};
		954808A52B230B420073A275 /* ProyectoFinalUITests */ = {
			isa = PBXNativeTarget;
			buildConfigurationList = 954808B62B230B420073A275 /* Build configuration list for PBXNativeTarget "ProyectoFinalUITests" */;
			buildPhases = (
				954808A22B230B420073A275 /* Sources */,
				954808A32B230B420073A275 /* Frameworks */,
				954808A42B230B420073A275 /* Resources */,
			);
			buildRules = (
			);
			dependencies = (
				954808A82B230B420073A275 /* PBXTargetDependency */,
			);
			name = ProyectoFinalUITests;
			productName = ProyectoFinalUITests;
			productReference = 954808A62B230B420073A275 /* ProyectoFinalUITests.xctest */;
			productType = "com.apple.product-type.bundle.ui-testing";
		};
/* End PBXNativeTarget section */

/* Begin PBXProject section */
		954808832B230B410073A275 /* Project object */ = {
			isa = PBXProject;
			attributes = {
				BuildIndependentTargetsInParallel = 1;
				LastSwiftUpdateCheck = 1500;
				LastUpgradeCheck = 1500;
				TargetAttributes = {
					9548088A2B230B410073A275 = {
						CreatedOnToolsVersion = 15.0.1;
					};
					9548089B2B230B420073A275 = {
						CreatedOnToolsVersion = 15.0.1;
						TestTargetID = 9548088A2B230B410073A275;
					};
					954808A52B230B420073A275 = {
						CreatedOnToolsVersion = 15.0.1;
						TestTargetID = 9548088A2B230B410073A275;
					};
				};
			};
			buildConfigurationList = 954808862B230B410073A275 /* Build configuration list for PBXProject "ProyectoFinal" */;
			compatibilityVersion = "Xcode 14.0";
			developmentRegion = en;
			hasScannedForEncodings = 0;
			knownRegions = (
				en,
				Base,
			);
			mainGroup = 954808822B230B410073A275;
			packageReferences = (
				955BB5BF2B268C57006B7A66 /* XCRemoteSwiftPackageReference "GRDB" */,
			);
			productRefGroup = 9548088C2B230B410073A275 /* Products */;
			projectDirPath = "";
			projectRoot = "";
			targets = (
				9548088A2B230B410073A275 /* ProyectoFinal */,
				9548089B2B230B420073A275 /* ProyectoFinalTests */,
				954808A52B230B420073A275 /* ProyectoFinalUITests */,
			);
		};
/* End PBXProject section */

/* Begin PBXResourcesBuildPhase section */
		954808892B230B410073A275 /* Resources */ = {
			isa = PBXResourcesBuildPhase;
			buildActionMask = 2147483647;
			files = (
				954808972B230B420073A275 /* Preview Assets.xcassets in Resources */,
				954808932B230B420073A275 /* Assets.xcassets in Resources */,
			);
			runOnlyForDeploymentPostprocessing = 0;
		};
		9548089A2B230B420073A275 /* Resources */ = {
			isa = PBXResourcesBuildPhase;
			buildActionMask = 2147483647;
			files = (
			);
			runOnlyForDeploymentPostprocessing = 0;
		};
		954808A42B230B420073A275 /* Resources */ = {
			isa = PBXResourcesBuildPhase;
			buildActionMask = 2147483647;
			files = (
			);
			runOnlyForDeploymentPostprocessing = 0;
		};
/* End PBXResourcesBuildPhase section */

/* Begin PBXSourcesBuildPhase section */
		954808872B230B410073A275 /* Sources */ = {
			isa = PBXSourcesBuildPhase;
			buildActionMask = 2147483647;
			files = (
				955BB5D12B26A6CF006B7A66 /* ViewModel.swift in Sources */,
				955BB5D32B26AB21006B7A66 /* PersonView.swift in Sources */,
				955BB5CD2B269B27006B7A66 /* HomeView.swift in Sources */,
				955BB5B82B267699006B7A66 /* MenuItem.swift in Sources */,
				955BB5C72B268F46006B7A66 /* Alumno.swift in Sources */,
				955BB5CF2B269D17006B7A66 /* EntityList.swift in Sources */,
				955BB5C32B268D6B006B7A66 /* Persistence.swift in Sources */,
				955BB5D72B26FCF6006B7A66 /* Grupo.swift in Sources */,
				9548088F2B230B410073A275 /* ProyectoFinalApp.swift in Sources */,
				95AF20222B28289E00BFA2AB /* Tarjeta.swift in Sources */,
				955BB5C52B268E33006B7A66 /* Profesor.swift in Sources */,
				955160D62B2786F1008D2DFF /* AsistenciaView.swift in Sources */,
				955BB5DB2B2701F5006B7A66 /* GrupoView.swift in Sources */,
			);
			runOnlyForDeploymentPostprocessing = 0;
		};
		954808982B230B420073A275 /* Sources */ = {
			isa = PBXSourcesBuildPhase;
			buildActionMask = 2147483647;
			files = (
				954808A12B230B420073A275 /* ProyectoFinalTests.swift in Sources */,
			);
			runOnlyForDeploymentPostprocessing = 0;
		};
		954808A22B230B420073A275 /* Sources */ = {
			isa = PBXSourcesBuildPhase;
			buildActionMask = 2147483647;
			files = (
				954808AD2B230B420073A275 /* ProyectoFinalUITestsLaunchTests.swift in Sources */,
				954808AB2B230B420073A275 /* ProyectoFinalUITests.swift in Sources */,
			);
			runOnlyForDeploymentPostprocessing = 0;
		};
/* End PBXSourcesBuildPhase section */

/* Begin PBXTargetDependency section */
		9548089E2B230B420073A275 /* PBXTargetDependency */ = {
			isa = PBXTargetDependency;
			target = 9548088A2B230B410073A275 /* ProyectoFinal */;
			targetProxy = 9548089D2B230B420073A275 /* PBXContainerItemProxy */;
		};
		954808A82B230B420073A275 /* PBXTargetDependency */ = {
			isa = PBXTargetDependency;
			target = 9548088A2B230B410073A275 /* ProyectoFinal */;
			targetProxy = 954808A72B230B420073A275 /* PBXContainerItemProxy */;
		};
/* End PBXTargetDependency section */

/* Begin XCBuildConfiguration section */
		954808AE2B230B420073A275 /* Debug */ = {
			isa = XCBuildConfiguration;
			buildSettings = {
				ALWAYS_SEARCH_USER_PATHS = NO;
				ASSETCATALOG_COMPILER_GENERATE_SWIFT_ASSET_SYMBOL_EXTENSIONS = YES;
				CLANG_ANALYZER_NONNULL = YES;
				CLANG_ANALYZER_NUMBER_OBJECT_CONVERSION = YES_AGGRESSIVE;
				CLANG_CXX_LANGUAGE_STANDARD = "gnu++20";
				CLANG_ENABLE_MODULES = YES;
				CLANG_ENABLE_OBJC_ARC = YES;
				CLANG_ENABLE_OBJC_WEAK = YES;
				CLANG_WARN_BLOCK_CAPTURE_AUTORELEASING = YES;
				CLANG_WARN_BOOL_CONVERSION = YES;
				CLANG_WARN_COMMA = YES;
				CLANG_WARN_CONSTANT_CONVERSION = YES;
				CLANG_WARN_DEPRECATED_OBJC_IMPLEMENTATIONS = YES;
				CLANG_WARN_DIRECT_OBJC_ISA_USAGE = YES_ERROR;
				CLANG_WARN_DOCUMENTATION_COMMENTS = YES;
				CLANG_WARN_EMPTY_BODY = YES;
				CLANG_WARN_ENUM_CONVERSION = YES;
				CLANG_WARN_INFINITE_RECURSION = YES;
				CLANG_WARN_INT_CONVERSION = YES;
				CLANG_WARN_NON_LITERAL_NULL_CONVERSION = YES;
				CLANG_WARN_OBJC_IMPLICIT_RETAIN_SELF = YES;
				CLANG_WARN_OBJC_LITERAL_CONVERSION = YES;
				CLANG_WARN_OBJC_ROOT_CLASS = YES_ERROR;
				CLANG_WARN_QUOTED_INCLUDE_IN_FRAMEWORK_HEADER = YES;
				CLANG_WARN_RANGE_LOOP_ANALYSIS = YES;
				CLANG_WARN_STRICT_PROTOTYPES = YES;
				CLANG_WARN_SUSPICIOUS_MOVE = YES;
				CLANG_WARN_UNGUARDED_AVAILABILITY = YES_AGGRESSIVE;
				CLANG_WARN_UNREACHABLE_CODE = YES;
				CLANG_WARN__DUPLICATE_METHOD_MATCH = YES;
				COPY_PHASE_STRIP = NO;
				DEBUG_INFORMATION_FORMAT = dwarf;
				ENABLE_STRICT_OBJC_MSGSEND = YES;
				ENABLE_TESTABILITY = YES;
				ENABLE_USER_SCRIPT_SANDBOXING = YES;
				GCC_C_LANGUAGE_STANDARD = gnu17;
				GCC_DYNAMIC_NO_PIC = NO;
				GCC_NO_COMMON_BLOCKS = YES;
				GCC_OPTIMIZATION_LEVEL = 0;
				GCC_PREPROCESSOR_DEFINITIONS = (
					"DEBUG=1",
					"$(inherited)",
				);
				GCC_WARN_64_TO_32_BIT_CONVERSION = YES;
				GCC_WARN_ABOUT_RETURN_TYPE = YES_ERROR;
				GCC_WARN_UNDECLARED_SELECTOR = YES;
				GCC_WARN_UNINITIALIZED_AUTOS = YES_AGGRESSIVE;
				GCC_WARN_UNUSED_FUNCTION = YES;
				GCC_WARN_UNUSED_VARIABLE = YES;
				LOCALIZATION_PREFERS_STRING_CATALOGS = YES;
				MTL_ENABLE_DEBUG_INFO = INCLUDE_SOURCE;
				MTL_FAST_MATH = YES;
				ONLY_ACTIVE_ARCH = YES;
				SWIFT_ACTIVE_COMPILATION_CONDITIONS = "DEBUG $(inherited)";
				SWIFT_OPTIMIZATION_LEVEL = "-Onone";
			};
			name = Debug;
		};
		954808AF2B230B420073A275 /* Release */ = {
			isa = XCBuildConfiguration;
			buildSettings = {
				ALWAYS_SEARCH_USER_PATHS = NO;
				ASSETCATALOG_COMPILER_GENERATE_SWIFT_ASSET_SYMBOL_EXTENSIONS = YES;
				CLANG_ANALYZER_NONNULL = YES;
				CLANG_ANALYZER_NUMBER_OBJECT_CONVERSION = YES_AGGRESSIVE;
				CLANG_CXX_LANGUAGE_STANDARD = "gnu++20";
				CLANG_ENABLE_MODULES = YES;
				CLANG_ENABLE_OBJC_ARC = YES;
				CLANG_ENABLE_OBJC_WEAK = YES;
				CLANG_WARN_BLOCK_CAPTURE_AUTORELEASING = YES;
				CLANG_WARN_BOOL_CONVERSION = YES;
				CLANG_WARN_COMMA = YES;
				CLANG_WARN_CONSTANT_CONVERSION = YES;
				CLANG_WARN_DEPRECATED_OBJC_IMPLEMENTATIONS = YES;
				CLANG_WARN_DIRECT_OBJC_ISA_USAGE = YES_ERROR;
				CLANG_WARN_DOCUMENTATION_COMMENTS = YES;
				CLANG_WARN_EMPTY_BODY = YES;
				CLANG_WARN_ENUM_CONVERSION = YES;
				CLANG_WARN_INFINITE_RECURSION = YES;
				CLANG_WARN_INT_CONVERSION = YES;
				CLANG_WARN_NON_LITERAL_NULL_CONVERSION = YES;
				CLANG_WARN_OBJC_IMPLICIT_RETAIN_SELF = YES;
				CLANG_WARN_OBJC_LITERAL_CONVERSION = YES;
				CLANG_WARN_OBJC_ROOT_CLASS = YES_ERROR;
				CLANG_WARN_QUOTED_INCLUDE_IN_FRAMEWORK_HEADER = YES;
				CLANG_WARN_RANGE_LOOP_ANALYSIS = YES;
				CLANG_WARN_STRICT_PROTOTYPES = YES;
				CLANG_WARN_SUSPICIOUS_MOVE = YES;
				CLANG_WARN_UNGUARDED_AVAILABILITY = YES_AGGRESSIVE;
				CLANG_WARN_UNREACHABLE_CODE = YES;
				CLANG_WARN__DUPLICATE_METHOD_MATCH = YES;
				COPY_PHASE_STRIP = NO;
				DEBUG_INFORMATION_FORMAT = "dwarf-with-dsym";
				ENABLE_NS_ASSERTIONS = NO;
				ENABLE_STRICT_OBJC_MSGSEND = YES;
				ENABLE_USER_SCRIPT_SANDBOXING = YES;
				GCC_C_LANGUAGE_STANDARD = gnu17;
				GCC_NO_COMMON_BLOCKS = YES;
				GCC_WARN_64_TO_32_BIT_CONVERSION = YES;
				GCC_WARN_ABOUT_RETURN_TYPE = YES_ERROR;
				GCC_WARN_UNDECLARED_SELECTOR = YES;
				GCC_WARN_UNINITIALIZED_AUTOS = YES_AGGRESSIVE;
				GCC_WARN_UNUSED_FUNCTION = YES;
				GCC_WARN_UNUSED_VARIABLE = YES;
				LOCALIZATION_PREFERS_STRING_CATALOGS = YES;
				MTL_ENABLE_DEBUG_INFO = NO;
				MTL_FAST_MATH = YES;
				SWIFT_COMPILATION_MODE = wholemodule;
			};
			name = Release;
		};
		954808B12B230B420073A275 /* Debug */ = {
			isa = XCBuildConfiguration;
			buildSettings = {
				ASSETCATALOG_COMPILER_APPICON_NAME = AppIcon;
				ASSETCATALOG_COMPILER_GLOBAL_ACCENT_COLOR_NAME = AccentColor;
				CODE_SIGN_ENTITLEMENTS = ProyectoFinal/ProyectoFinal.entitlements;
				CODE_SIGN_STYLE = Automatic;
				CURRENT_PROJECT_VERSION = 1;
				DEVELOPMENT_ASSET_PATHS = "\"ProyectoFinal/Preview Content\"";
				ENABLE_PREVIEWS = YES;
				GENERATE_INFOPLIST_FILE = YES;
				"INFOPLIST_KEY_UIApplicationSceneManifest_Generation[sdk=iphoneos*]" = YES;
				"INFOPLIST_KEY_UIApplicationSceneManifest_Generation[sdk=iphonesimulator*]" = YES;
				"INFOPLIST_KEY_UIApplicationSupportsIndirectInputEvents[sdk=iphoneos*]" = YES;
				"INFOPLIST_KEY_UIApplicationSupportsIndirectInputEvents[sdk=iphonesimulator*]" = YES;
				"INFOPLIST_KEY_UILaunchScreen_Generation[sdk=iphoneos*]" = YES;
				"INFOPLIST_KEY_UILaunchScreen_Generation[sdk=iphonesimulator*]" = YES;
				"INFOPLIST_KEY_UIStatusBarStyle[sdk=iphoneos*]" = UIStatusBarStyleDefault;
				"INFOPLIST_KEY_UIStatusBarStyle[sdk=iphonesimulator*]" = UIStatusBarStyleDefault;
				INFOPLIST_KEY_UISupportedInterfaceOrientations_iPad = "UIInterfaceOrientationPortrait UIInterfaceOrientationPortraitUpsideDown UIInterfaceOrientationLandscapeLeft UIInterfaceOrientationLandscapeRight";
				INFOPLIST_KEY_UISupportedInterfaceOrientations_iPhone = "UIInterfaceOrientationPortrait UIInterfaceOrientationLandscapeLeft UIInterfaceOrientationLandscapeRight";
				IPHONEOS_DEPLOYMENT_TARGET = 17.0;
				LD_RUNPATH_SEARCH_PATHS = "@executable_path/Frameworks";
				"LD_RUNPATH_SEARCH_PATHS[sdk=macosx*]" = "@executable_path/../Frameworks";
				MACOSX_DEPLOYMENT_TARGET = 14.0;
				MARKETING_VERSION = 1.0;
				PRODUCT_BUNDLE_IDENTIFIER = lesnoy.ProyectoFinal;
				PRODUCT_NAME = "$(TARGET_NAME)";
				SDKROOT = auto;
				SUPPORTED_PLATFORMS = "iphoneos iphonesimulator macosx";
				SWIFT_EMIT_LOC_STRINGS = YES;
				SWIFT_VERSION = 5.0;
				TARGETED_DEVICE_FAMILY = "1,2";
			};
			name = Debug;
		};
		954808B22B230B420073A275 /* Release */ = {
			isa = XCBuildConfiguration;
			buildSettings = {
				ASSETCATALOG_COMPILER_APPICON_NAME = AppIcon;
				ASSETCATALOG_COMPILER_GLOBAL_ACCENT_COLOR_NAME = AccentColor;
				CODE_SIGN_ENTITLEMENTS = ProyectoFinal/ProyectoFinal.entitlements;
				CODE_SIGN_STYLE = Automatic;
				CURRENT_PROJECT_VERSION = 1;
				DEVELOPMENT_ASSET_PATHS = "\"ProyectoFinal/Preview Content\"";
				ENABLE_PREVIEWS = YES;
				GENERATE_INFOPLIST_FILE = YES;
				"INFOPLIST_KEY_UIApplicationSceneManifest_Generation[sdk=iphoneos*]" = YES;
				"INFOPLIST_KEY_UIApplicationSceneManifest_Generation[sdk=iphonesimulator*]" = YES;
				"INFOPLIST_KEY_UIApplicationSupportsIndirectInputEvents[sdk=iphoneos*]" = YES;
				"INFOPLIST_KEY_UIApplicationSupportsIndirectInputEvents[sdk=iphonesimulator*]" = YES;
				"INFOPLIST_KEY_UILaunchScreen_Generation[sdk=iphoneos*]" = YES;
				"INFOPLIST_KEY_UILaunchScreen_Generation[sdk=iphonesimulator*]" = YES;
				"INFOPLIST_KEY_UIStatusBarStyle[sdk=iphoneos*]" = UIStatusBarStyleDefault;
				"INFOPLIST_KEY_UIStatusBarStyle[sdk=iphonesimulator*]" = UIStatusBarStyleDefault;
				INFOPLIST_KEY_UISupportedInterfaceOrientations_iPad = "UIInterfaceOrientationPortrait UIInterfaceOrientationPortraitUpsideDown UIInterfaceOrientationLandscapeLeft UIInterfaceOrientationLandscapeRight";
				INFOPLIST_KEY_UISupportedInterfaceOrientations_iPhone = "UIInterfaceOrientationPortrait UIInterfaceOrientationLandscapeLeft UIInterfaceOrientationLandscapeRight";
				IPHONEOS_DEPLOYMENT_TARGET = 17.0;
				LD_RUNPATH_SEARCH_PATHS = "@executable_path/Frameworks";
				"LD_RUNPATH_SEARCH_PATHS[sdk=macosx*]" = "@executable_path/../Frameworks";
				MACOSX_DEPLOYMENT_TARGET = 14.0;
				MARKETING_VERSION = 1.0;
				PRODUCT_BUNDLE_IDENTIFIER = lesnoy.ProyectoFinal;
				PRODUCT_NAME = "$(TARGET_NAME)";
				SDKROOT = auto;
				SUPPORTED_PLATFORMS = "iphoneos iphonesimulator macosx";
				SWIFT_EMIT_LOC_STRINGS = YES;
				SWIFT_VERSION = 5.0;
				TARGETED_DEVICE_FAMILY = "1,2";
			};
			name = Release;
		};
		954808B42B230B420073A275 /* Debug */ = {
			isa = XCBuildConfiguration;
			buildSettings = {
				ALWAYS_EMBED_SWIFT_STANDARD_LIBRARIES = YES;
				BUNDLE_LOADER = "$(TEST_HOST)";
				CODE_SIGN_STYLE = Automatic;
				CURRENT_PROJECT_VERSION = 1;
				GENERATE_INFOPLIST_FILE = YES;
				IPHONEOS_DEPLOYMENT_TARGET = 17.0;
				MACOSX_DEPLOYMENT_TARGET = 14.0;
				MARKETING_VERSION = 1.0;
				PRODUCT_BUNDLE_IDENTIFIER = lesnoy.ProyectoFinalTests;
				PRODUCT_NAME = "$(TARGET_NAME)";
				SDKROOT = auto;
				SUPPORTED_PLATFORMS = "iphoneos iphonesimulator macosx";
				SWIFT_EMIT_LOC_STRINGS = NO;
				SWIFT_VERSION = 5.0;
				TARGETED_DEVICE_FAMILY = "1,2";
				TEST_HOST = "$(BUILT_PRODUCTS_DIR)/ProyectoFinal.app/$(BUNDLE_EXECUTABLE_FOLDER_PATH)/ProyectoFinal";
			};
			name = Debug;
		};
		954808B52B230B420073A275 /* Release */ = {
			isa = XCBuildConfiguration;
			buildSettings = {
				ALWAYS_EMBED_SWIFT_STANDARD_LIBRARIES = YES;
				BUNDLE_LOADER = "$(TEST_HOST)";
				CODE_SIGN_STYLE = Automatic;
				CURRENT_PROJECT_VERSION = 1;
				GENERATE_INFOPLIST_FILE = YES;
				IPHONEOS_DEPLOYMENT_TARGET = 17.0;
				MACOSX_DEPLOYMENT_TARGET = 14.0;
				MARKETING_VERSION = 1.0;
				PRODUCT_BUNDLE_IDENTIFIER = lesnoy.ProyectoFinalTests;
				PRODUCT_NAME = "$(TARGET_NAME)";
				SDKROOT = auto;
				SUPPORTED_PLATFORMS = "iphoneos iphonesimulator macosx";
				SWIFT_EMIT_LOC_STRINGS = NO;
				SWIFT_VERSION = 5.0;
				TARGETED_DEVICE_FAMILY = "1,2";
				TEST_HOST = "$(BUILT_PRODUCTS_DIR)/ProyectoFinal.app/$(BUNDLE_EXECUTABLE_FOLDER_PATH)/ProyectoFinal";
			};
			name = Release;
		};
		954808B72B230B420073A275 /* Debug */ = {
			isa = XCBuildConfiguration;
			buildSettings = {
				ALWAYS_EMBED_SWIFT_STANDARD_LIBRARIES = YES;
				CODE_SIGN_STYLE = Automatic;
				CURRENT_PROJECT_VERSION = 1;
				GENERATE_INFOPLIST_FILE = YES;
				IPHONEOS_DEPLOYMENT_TARGET = 17.0;
				MACOSX_DEPLOYMENT_TARGET = 14.0;
				MARKETING_VERSION = 1.0;
				PRODUCT_BUNDLE_IDENTIFIER = lesnoy.ProyectoFinalUITests;
				PRODUCT_NAME = "$(TARGET_NAME)";
				SDKROOT = auto;
				SUPPORTED_PLATFORMS = "iphoneos iphonesimulator macosx";
				SWIFT_EMIT_LOC_STRINGS = NO;
				SWIFT_VERSION = 5.0;
				TARGETED_DEVICE_FAMILY = "1,2";
				TEST_TARGET_NAME = ProyectoFinal;
			};
			name = Debug;
		};
		954808B82B230B420073A275 /* Release */ = {
			isa = XCBuildConfiguration;
			buildSettings = {
				ALWAYS_EMBED_SWIFT_STANDARD_LIBRARIES = YES;
				CODE_SIGN_STYLE = Automatic;
				CURRENT_PROJECT_VERSION = 1;
				GENERATE_INFOPLIST_FILE = YES;
				IPHONEOS_DEPLOYMENT_TARGET = 17.0;
				MACOSX_DEPLOYMENT_TARGET = 14.0;
				MARKETING_VERSION = 1.0;
				PRODUCT_BUNDLE_IDENTIFIER = lesnoy.ProyectoFinalUITests;
				PRODUCT_NAME = "$(TARGET_NAME)";
				SDKROOT = auto;
				SUPPORTED_PLATFORMS = "iphoneos iphonesimulator macosx";
				SWIFT_EMIT_LOC_STRINGS = NO;
				SWIFT_VERSION = 5.0;
				TARGETED_DEVICE_FAMILY = "1,2";
				TEST_TARGET_NAME = ProyectoFinal;
			};
			name = Release;
		};
/* End XCBuildConfiguration section */

/* Begin XCConfigurationList section */
		954808862B230B410073A275 /* Build configuration list for PBXProject "ProyectoFinal" */ = {
			isa = XCConfigurationList;
			buildConfigurations = (
				954808AE2B230B420073A275 /* Debug */,
				954808AF2B230B420073A275 /* Release */,
			);
			defaultConfigurationIsVisible = 0;
			defaultConfigurationName = Release;
		};
		954808B02B230B420073A275 /* Build configuration list for PBXNativeTarget "ProyectoFinal" */ = {
			isa = XCConfigurationList;
			buildConfigurations = (
				954808B12B230B420073A275 /* Debug */,
				954808B22B230B420073A275 /* Release */,
			);
			defaultConfigurationIsVisible = 0;
			defaultConfigurationName = Release;
		};
		954808B32B230B420073A275 /* Build configuration list for PBXNativeTarget "ProyectoFinalTests" */ = {
			isa = XCConfigurationList;
			buildConfigurations = (
				954808B42B230B420073A275 /* Debug */,
				954808B52B230B420073A275 /* Release */,
			);
			defaultConfigurationIsVisible = 0;
			defaultConfigurationName = Release;
		};
		954808B62B230B420073A275 /* Build configuration list for PBXNativeTarget "ProyectoFinalUITests" */ = {
			isa = XCConfigurationList;
			buildConfigurations = (
				954808B72B230B420073A275 /* Debug */,
				954808B82B230B420073A275 /* Release */,
			);
			defaultConfigurationIsVisible = 0;
			defaultConfigurationName = Release;
		};
/* End XCConfigurationList section */

/* Begin XCRemoteSwiftPackageReference section */
		955BB5BF2B268C57006B7A66 /* XCRemoteSwiftPackageReference "GRDB" */ = {
			isa = XCRemoteSwiftPackageReference;
			repositoryURL = "https://github.com/groue/GRDB.swift";
			requirement = {
				branch = master;
				kind = branch;
			};
		};
/* End XCRemoteSwiftPackageReference section */

/* Begin XCSwiftPackageProductDependency section */
		955BB5C02B268C57006B7A66 /* GRDB */ = {
			isa = XCSwiftPackageProductDependency;
			package = 955BB5BF2B268C57006B7A66 /* XCRemoteSwiftPackageReference "GRDB" */;
			productName = GRDB;
		};
/* End XCSwiftPackageProductDependency section */
	};
	rootObject = 954808832B230B410073A275 /* Project object */;
}
